# This is a Gradle generated file for dependency locking.
# Manual edits can break the build and are not advised.
# This file is expected to be part of source control.
# To regenerate this file, run: ./gradlew :renderer-core:dependencies --write-locks
it.unimi.dsi:fastutil:8.5.19=compileClasspath,runtimeClasspath,testCompileClasspath,testRuntimeClasspath
org.jetbrains.kotlin:kotlin-stdlib-common:1.8.20=compileClasspath,runtimeClasspath,testCompileClasspath,testRuntimeClasspath
org.jetbrains.kotlin:kotlin-stdlib-jdk7:1.8.20=compileClasspath,runtimeClasspath,testCompileClasspath,testRuntimeClasspath
org.jetbrains.kotlin:kotlin-stdlib-jdk8:1.8.20=compileClasspath,runtimeClasspath,testCompileClasspath,testRuntimeClasspath
org.jetbrains.kotlin:kotlin-stdlib:1.8.20=compileClasspath,runtimeClasspath,testCompileClasspath,testRuntimeClasspath
org.jetbrains:annotations:13.0=compileClasspath,runtimeClasspath,testCompileClasspath,testRuntimeClasspath
org.joml:joml:1.10.8=compileClasspath,runtimeClasspath,testCompileClasspath,testRuntimeClasspath
org.lwjgl:lwjgl-glfw:3.4.3=compileClasspath,runtimeClasspath,testCompileClasspath,testRuntimeClasspath
org.lwjgl:lwjgl-shaderc:3.4.3=compileClasspath,runtimeClasspath,testCompileClasspath,testRuntimeClasspath
org.lwjgl:lwjgl-vma:3.4.3=compileClasspath,runtimeClasspath,testCompileClasspath,testRuntimeClasspath
org.lwjgl:lwjgl-vulkan:3.4.3=compileClasspath,runtimeClasspath,testCompileClasspath,testRuntimeClasspath
org.lwjgl:lwjgl:3.4.3=compileClasspath,runtimeClasspath,testCompileClasspath,testRuntimeClasspath
empty=annotationProcessor,testAnnotationProcessor
